# THIS IS AN AUTOGENERATED FILE. DO NOT EDIT THIS FILE DIRECTLY.
# yarn lockfile v1


"@fidm/asn1@^1.0.4":
  version "1.0.4"
  resolved "https://registry.yarnpkg.com/@fidm/asn1/-/asn1-1.0.4.tgz#afbf9f10a0cb83aca2114c6f59a97dd48eb7dd84"
  integrity sha512-esd1jyNvRb2HVaQGq2Gg8Z0kbQPXzV9Tq5Z14KNIov6KfFD6PTaRIO8UpcsYiTNzOqJpmyzWgVTrUwFV3UF4TQ==

"@fidm/x509@^1.2.1":
  version "1.2.1"
  resolved "https://registry.yarnpkg.com/@fidm/x509/-/x509-1.2.1.tgz#ae546a661005d776cc4dca674b399c1132c1e0e4"
  integrity sha512-nwc2iesjyc9hkuzcrMCBXQRn653XuAUKorfWM8PZyJawiy1QzLj4vahwzaI25+pfpwOLvMzbJ0uKpWLDNmo16w==
  dependencies:
    "@fidm/asn1" "^1.0.4"
    tweetnacl "^1.0.1"

"@okta/okta-sdk-nodejs@^5.0.0":
  version "5.0.0"
  resolved "https://registry.yarnpkg.com/@okta/okta-sdk-nodejs/-/okta-sdk-nodejs-5.0.0.tgz#ce3b034cd02c0a475f3513cb1ef229e9580c1ef1"
  integrity sha512-hLKDsGWFRu5rdlsapHwYNM+hYpJ9yMbGl/tGIHycL8sJailZiBx+gf5/UJ1vHgqKfhU8yu+R8u5fzC7arqG9sw==
  dependencies:
    "@types/node-fetch" "^2.5.8"
    "@types/rasha" "^1.2.2"
    deep-copy "^1.4.2"
    isomorphic-fetch "^3.0.0"
    js-yaml "^4.1.0"
    lodash "^4.17.20"
    njwt "^1.0.0"
    parse-link-header "^1.0.1"
    rasha "^1.2.5"
    safe-flat "^2.0.2"

"@types/cbor@^6.0.0":
  version "6.0.0"
  resolved "https://registry.yarnpkg.com/@types/cbor/-/cbor-6.0.0.tgz#ddead015e14ef4463287d40cd92a6297a34dac8d"
  integrity sha512-mGQ1lbYOwVti5Xlarn1bTeBZqgY0kstsdjnkoEovgohYKdBjGejHyNGXHdMBeqyQazIv32Jjp33+5pBEaSRy2w==
  dependencies:
    cbor "*"

"@types/ioredis@^4.27.8":
  version "4.27.8"
  resolved "https://registry.yarnpkg.com/@types/ioredis/-/ioredis-4.27.8.tgz#c2e113e4f0b6834062f155eaac27fa78d38e0790"
  integrity sha512-THsyghYuFI6h/UzwEaeSeagRxiDG1P/NIiL5uTjN7bcbQHwDP6nMWJfEmY0iuu3pOzl1j0FgRpAYz7WWX2eW0Q==
  dependencies:
    "@types/node" "*"

"@types/node-fetch@^2.5.8":
  version "2.5.12"
  resolved "https://registry.yarnpkg.com/@types/node-fetch/-/node-fetch-2.5.12.tgz#8a6f779b1d4e60b7a57fb6fd48d84fb545b9cc66"
  integrity sha512-MKgC4dlq4kKNa/mYrwpKfzQMB5X3ee5U6fSprkKpToBqBmX4nFZL9cW5jl6sWn+xpRJ7ypWh2yyqqr8UUCstSw==
  dependencies:
    "@types/node" "*"
    form-data "^3.0.0"

"@types/node-forge@^0.10.9":
  version "0.10.9"
  resolved "https://registry.yarnpkg.com/@types/node-forge/-/node-forge-0.10.9.tgz#3c2e049a042ac27e731a9432dc3fd9b321307040"
  integrity sha512-tXuzVcQgZkzgiWue5RKqQYfj74E3seuEpg3KESiOrZBRzRQgnH5S3n+wqMWPc4IJqZ+//EDiMUPzQq7eHSLAiA==
  dependencies:
    "@types/node" "*"

"@types/node@*", "@types/node@^16.11.6":
  version "16.11.6"
  resolved "https://registry.yarnpkg.com/@types/node/-/node-16.11.6.tgz#6bef7a2a0ad684cf6e90fcfe31cecabd9ce0a3ae"
  integrity sha512-ua7PgUoeQFjmWPcoo9khiPum3Pd60k4/2ZGXt18sm2Slk0W0xZTqt5Y0Ny1NyBiN1EVQ/+FaF9NcY4Qe6rwk5w==

"@types/node@^15.0.1":
  version "15.14.9"
  resolved "https://registry.yarnpkg.com/@types/node/-/node-15.14.9.tgz#bc43c990c3c9be7281868bbc7b8fdd6e2b57adfa"
  integrity sha512-qjd88DrCxupx/kJD5yQgZdcYKZKSIGBVDIBE1/LTGcNm3d2Np/jxojkdePDdfnBHJc5W7vSMpbJ1aB7p/Py69A==

"@types/rasha@^1.2.2":
  version "1.2.3"
  resolved "https://registry.yarnpkg.com/@types/rasha/-/rasha-1.2.3.tgz#e147f1c688d7064c8d42a6c61bedf5b1347e927a"
  integrity sha512-59k9jLEufpyKQxuycIYqSU30V4rO1bDlX+W4xGFTj3CFuHRfmcUcVRtxx1mr0T38iwk3d1ZooFqCQR2RX/NUTw==

argparse@^2.0.1:
  version "2.0.1"
  resolved "https://registry.yarnpkg.com/argparse/-/argparse-2.0.1.tgz#246f50f3ca78a3240f6c997e8a9bd1eac49e4b38"
  integrity sha512-8+9WqebbFzpX9OR+Wa6O29asIogeRMzcGtAINdpMHHyAg10f05aSFVBbcEqGf/PXw1EjAZ+q2/bEBg3DvurK3Q==

asynckit@^0.4.0:
  version "0.4.0"
  resolved "https://registry.yarnpkg.com/asynckit/-/asynckit-0.4.0.tgz#c79ed97f7f34cb8f2ba1bc9790bcc366474b4b79"
  integrity sha1-x57Zf380y48robyXkLzDZkdLS3k=

base64url@^3.0.1:
  version "3.0.1"
  resolved "https://registry.yarnpkg.com/base64url/-/base64url-3.0.1.tgz#6399d572e2bc3f90a9a8b22d5dbb0a32d33f788d"
  integrity sha512-ir1UPr3dkwexU7FdV8qBBbNDRUhMmIekYMFZfi+C/sLNnRESKPl23nB9b2pltqfOQNnGzsDdId90AEtG5tCx4A==

cbor@*, cbor@^8.0.2:
  version "8.0.2"
  resolved "https://registry.yarnpkg.com/cbor/-/cbor-8.0.2.tgz#d0f5088423437efcc160e9304bd0576f45d06abb"
  integrity sha512-H5WTjQYgyHQI0VrCmbyQBOPy1353MjmUi/r3DbPib4U13vuyqm7es9Mfpe8G58bN/mCdRlJWkiCrPl1uM1wAlg==
  dependencies:
    nofilter "^3.0.3"

cluster-key-slot@^1.1.0:
  version "1.1.0"
  resolved "https://registry.yarnpkg.com/cluster-key-slot/-/cluster-key-slot-1.1.0.tgz#30474b2a981fb12172695833052bc0d01336d10d"
  integrity sha512-2Nii8p3RwAPiFwsnZvukotvow2rIHM+yQ6ZcBXGHdniadkYGZYiGmkHJIbZPIV9nfv7m/U1IPMVVcAhoWFeklw==

combined-stream@^1.0.8:
  version "1.0.8"
  resolved "https://registry.yarnpkg.com/combined-stream/-/combined-stream-1.0.8.tgz#c3d45a8b34fd730631a110a8a2520682b31d5a7f"
  integrity sha512-FQN4MRfuJeHf7cBbBMJFXhKSDq+2kAArBlmRBvcvFE5BB1HZKXtSFASDhdlz9zOYwxh8lDdnvmMOe/+5cdoEdg==
  dependencies:
    delayed-stream "~1.0.0"

debug@^4.3.1:
  version "4.3.2"
  resolved "https://registry.yarnpkg.com/debug/-/debug-4.3.2.tgz#f0a49c18ac8779e31d4a0c6029dfb76873c7428b"
  integrity sha512-mOp8wKcvj7XxC78zLgw/ZA+6TSgkoE2C/ienthhRD298T7UNwAg9diBpLRxC0mOezLl4B0xV7M0cCO6P/O0Xhw==
  dependencies:
    ms "2.1.2"

deep-copy@^1.4.2:
  version "1.4.2"
  resolved "https://registry.yarnpkg.com/deep-copy/-/deep-copy-1.4.2.tgz#0622719257e4bd60240e401ea96718211c5c4697"
  integrity sha512-VxZwQ/1+WGQPl5nE67uLhh7OqdrmqI1OazrraO9Bbw/M8Bt6Mol/RxzDA6N6ZgRXpsG/W9PgUj8E1LHHBEq2GQ==

delayed-stream@~1.0.0:
  version "1.0.0"
  resolved "https://registry.yarnpkg.com/delayed-stream/-/delayed-stream-1.0.0.tgz#df3ae199acadfb7d440aaae0b29e2272b24ec619"
  integrity sha1-3zrhmayt+31ECqrgsp4icrJOxhk=

denque@^1.1.0:
  version "1.5.1"
  resolved "https://registry.yarnpkg.com/denque/-/denque-1.5.1.tgz#07f670e29c9a78f8faecb2566a1e2c11929c5cbf"
  integrity sha512-XwE+iZ4D6ZUB7mfYRMb5wByE8L74HCn30FBN7sWnXksWc1LO1bPDl67pBR9o/kC4z/xSNAwkMYcGgqDV3BE3Hw==

ecdsa-sig-formatter@^1.0.5:
  version "1.0.11"
  resolved "https://registry.yarnpkg.com/ecdsa-sig-formatter/-/ecdsa-sig-formatter-1.0.11.tgz#ae0f0fa2d85045ef14a817daa3ce9acd0489e5bf"
  integrity sha512-nagl3RYrbNv6kQkeJIpt6NJZy8twLB/2vtz6yN9Z4vRKHN4/QZJIEbqohALSgwKdnksuY3k5Addp5lg8sVoVcQ==
  dependencies:
    safe-buffer "^5.0.1"

email-validator@^2.0.4:
  version "2.0.4"
  resolved "https://registry.yarnpkg.com/email-validator/-/email-validator-2.0.4.tgz#b8dfaa5d0dae28f1b03c95881d904d4e40bfe7ed"
  integrity sha512-gYCwo7kh5S3IDyZPLZf6hSS0MnZT8QmJFqYvbqlDZSbwdZlY6QZWxJ4i/6UhITOJ4XzyI647Bm2MXKCLqnJ4nQ==

form-data@^3.0.0:
  version "3.0.1"
  resolved "https://registry.yarnpkg.com/form-data/-/form-data-3.0.1.tgz#ebd53791b78356a99af9a300d4282c4d5eb9755f"
  integrity sha512-RHkBKtLWUVwd7SqRIvCZMEvAMoGUp0XU+seQiZejj0COz3RI3hWP4sCv3gZWWLjJTd7rGwcsF5eKZGii0r/hbg==
  dependencies:
    asynckit "^0.4.0"
    combined-stream "^1.0.8"
    mime-types "^2.1.12"

ioredis@^4.28.0:
  version "4.28.0"
  resolved "https://registry.yarnpkg.com/ioredis/-/ioredis-4.28.0.tgz#5a2be3f37ff2075e2332f280eaeb02ab4d9ff0d3"
  integrity sha512-I+zkeeWp3XFgPT2CtJKxvaF5FjGBGt4yGYljRjQecdQKteThuAsKqffeF1lgHVlYnuNeozRbPOCDNZ7tDWPeig==
  dependencies:
    cluster-key-slot "^1.1.0"
    debug "^4.3.1"
    denque "^1.1.0"
    lodash.defaults "^4.2.0"
    lodash.flatten "^4.4.0"
    lodash.isarguments "^3.1.0"
    p-map "^2.1.0"
    redis-commands "1.7.0"
    redis-errors "^1.2.0"
    redis-parser "^3.0.0"
    standard-as-callback "^2.1.0"

isomorphic-fetch@^3.0.0:
  version "3.0.0"
  resolved "https://registry.yarnpkg.com/isomorphic-fetch/-/isomorphic-fetch-3.0.0.tgz#0267b005049046d2421207215d45d6a262b8b8b4"
  integrity sha512-qvUtwJ3j6qwsF3jLxkZ72qCgjMysPzDfeV240JHiGZsANBYd+EEuu35v7dfrJ9Up0Ak07D7GGSkGhCHTqg/5wA==
  dependencies:
    node-fetch "^2.6.1"
    whatwg-fetch "^3.4.1"

js-yaml@^4.1.0:
  version "4.1.0"
  resolved "https://registry.yarnpkg.com/js-yaml/-/js-yaml-4.1.0.tgz#c1fb65f8f5017901cdd2c951864ba18458a10602"
  integrity sha512-wpxZs9NoxZaJESJGIZTyDEaYpl0FKSA+FB9aJiyemKhMwkxQg63h4T1KJgUGHpTqPDNRcmmYLugrRjJlBtWvRA==
  dependencies:
    argparse "^2.0.1"

lodash.defaults@^4.2.0:
  version "4.2.0"
  resolved "https://registry.yarnpkg.com/lodash.defaults/-/lodash.defaults-4.2.0.tgz#d09178716ffea4dde9e5fb7b37f6f0802274580c"
  integrity sha1-0JF4cW/+pN3p5ft7N/bwgCJ0WAw=

lodash.flatten@^4.4.0:
  version "4.4.0"
  resolved "https://registry.yarnpkg.com/lodash.flatten/-/lodash.flatten-4.4.0.tgz#f31c22225a9632d2bbf8e4addbef240aa765a61f"
  integrity sha1-8xwiIlqWMtK7+OSt2+8kCqdlph8=

lodash.isarguments@^3.1.0:
  version "3.1.0"
  resolved "https://registry.yarnpkg.com/lodash.isarguments/-/lodash.isarguments-3.1.0.tgz#2f573d85c6a24289ff00663b491c1d338ff3458a"
  integrity sha1-L1c9hcaiQon/AGY7SRwdM4/zRYo=

lodash@^4.17.20:
  version "4.17.21"
  resolved "https://registry.yarnpkg.com/lodash/-/lodash-4.17.21.tgz#679591c564c3bffaae8454cf0b3df370c3d6911c"
  integrity sha512-v2kDEe57lecTulaDIuNTPy3Ry4gLGJ6Z1O3vE1krgXZNrsQ+LFTGHVxVjcXPs17LhbZVGedAJv8XZ1tvj5FvSg==

mime-db@1.50.0:
  version "1.50.0"
  resolved "https://registry.yarnpkg.com/mime-db/-/mime-db-1.50.0.tgz#abd4ac94e98d3c0e185016c67ab45d5fde40c11f"
  integrity sha512-9tMZCDlYHqeERXEHO9f/hKfNXhre5dK2eE/krIvUjZbS2KPcqGDfNShIWS1uW9XOTKQKqK6qbeOci18rbfW77A==

mime-types@^2.1.12:
  version "2.1.33"
  resolved "https://registry.yarnpkg.com/mime-types/-/mime-types-2.1.33.tgz#1fa12a904472fafd068e48d9e8401f74d3f70edb"
  integrity sha512-plLElXp7pRDd0bNZHw+nMd52vRYjLwQjygaNg7ddJ2uJtTlmnTCjWuPKxVu6//AdaRuME84SvLW91sIkBqGT0g==
  dependencies:
    mime-db "1.50.0"

ms@2.1.2:
  version "2.1.2"
  resolved "https://registry.yarnpkg.com/ms/-/ms-2.1.2.tgz#d09d1f357b443f493382a8eb3ccd183872ae6009"
  integrity sha512-sGkPx+VjMtmA6MX27oA4FBFELFCZZ4S4XqeGOXCv68tT+jb3vk/RyaKWP0PTKyWtmLSM0b+adUTEvbs1PEaH2w==

njwt@^1.0.0:
  version "1.1.0"
  resolved "https://registry.yarnpkg.com/njwt/-/njwt-1.1.0.tgz#9ae48b96df915dced5c2f49caebdd93c0950d708"
  integrity sha512-lL9oQIc9GYy9ILyHpSTSEhcZHiB0yvCDBWf9EDGLYo2D+8oSZwzhIV5WV0bFEfIqmCIL720ZQyDCXyJM6YrpaQ==
  dependencies:
    "@types/node" "^15.0.1"
    ecdsa-sig-formatter "^1.0.5"
    uuid "^3.3.2"

node-fetch@^2.6.1:
  version "2.6.6"
  resolved "https://registry.yarnpkg.com/node-fetch/-/node-fetch-2.6.6.tgz#1751a7c01834e8e1697758732e9efb6eeadfaf89"
  integrity sha512-Z8/6vRlTUChSdIgMa51jxQ4lrw/Jy5SOW10ObaA47/RElsAN2c5Pn8bTgFGWn/ibwzXTE8qwr1Yzx28vsecXEA==
  dependencies:
    whatwg-url "^5.0.0"

nofilter@^3.0.3:
  version "3.1.0"
  resolved "https://registry.yarnpkg.com/nofilter/-/nofilter-3.1.0.tgz#c757ba68801d41ff930ba2ec55bab52ca184aa66"
  integrity sha512-l2NNj07e9afPnhAhvgVrCD/oy2Ai1yfLpuo3EpiO1jFTsB4sFz6oIfAfSZyQzVpkZQ9xS8ZS5g1jCBgq4Hwo0g==

p-map@^2.1.0:
  version "2.1.0"
  resolved "https://registry.yarnpkg.com/p-map/-/p-map-2.1.0.tgz#310928feef9c9ecc65b68b17693018a665cea175"
  integrity sha512-y3b8Kpd8OAN444hxfBbFfj1FY/RjtTd8tzYwhUqNYXx0fXx2iX4maP4Qr6qhIKbQXI02wTLAda4fYUbDagTUFw==

parse-link-header@^1.0.1:
  version "1.0.1"
  resolved "https://registry.yarnpkg.com/parse-link-header/-/parse-link-header-1.0.1.tgz#bedfe0d2118aeb84be75e7b025419ec8a61140a7"
  integrity sha1-vt/g0hGK64S+deewJUGeyKYRQKc=
  dependencies:
    xtend "~4.0.1"

rasha@^1.2.5:
  version "1.2.5"
  resolved "https://registry.yarnpkg.com/rasha/-/rasha-1.2.5.tgz#72668da31dcc68ac277c5b73d610e087cd33b031"
  integrity sha512-KxtX+/fBk+wM7O3CNgwjSh5elwFilLvqWajhr6wFr2Hd63JnKTTi43Tw+Jb1hxJQWOwoya+NZWR2xztn3hCrTw==

redis-commands@1.7.0:
  version "1.7.0"
  resolved "https://registry.yarnpkg.com/redis-commands/-/redis-commands-1.7.0.tgz#15a6fea2d58281e27b1cd1acfb4b293e278c3a89"
  integrity sha512-nJWqw3bTFy21hX/CPKHth6sfhZbdiHP6bTawSgQBlKOVRG7EZkfHbbHwQJnrE4vsQf0CMNE+3gJ4Fmm16vdVlQ==

redis-errors@^1.0.0, redis-errors@^1.2.0:
  version "1.2.0"
  resolved "https://registry.yarnpkg.com/redis-errors/-/redis-errors-1.2.0.tgz#eb62d2adb15e4eaf4610c04afe1529384250abad"
  integrity sha1-62LSrbFeTq9GEMBK/hUpOEJQq60=

redis-parser@^3.0.0:
  version "3.0.0"
  resolved "https://registry.yarnpkg.com/redis-parser/-/redis-parser-3.0.0.tgz#b66d828cdcafe6b4b8a428a7def4c6bcac31c8b4"
  integrity sha1-tm2CjNyv5rS4pCin3vTGvKwxyLQ=
  dependencies:
    redis-errors "^1.0.0"

safe-buffer@^5.0.1:
  version "5.2.1"
  resolved "https://registry.yarnpkg.com/safe-buffer/-/safe-buffer-5.2.1.tgz#1eaf9fa9bdb1fdd4ec75f58f9cdb4e6b7827eec6"
  integrity sha512-rp3So07KcdmmKbGvgaNxQSJr7bGVSVk5S9Eq1F+ppbRo70+YeaDxkw5Dd8NPN+GD6bjnYm2VuPuCXmpuYvmCXQ==

safe-flat@^2.0.2:
  version "2.0.2"
  resolved "https://registry.yarnpkg.com/safe-flat/-/safe-flat-2.0.2.tgz#8fc26e0c5addcf3b294efbdb602e95633f44ee5c"
  integrity sha512-4plwd0jT25AB/gnVhEsjM9dt4wOZhp3Lk8xOmJ8tW8niJ2gB/QSKSvhqVY8zFQukAnPJhvn8BNc8mCSZxoVQ+A==

standard-as-callback@^2.1.0:
  version "2.1.0"
  resolved "https://registry.yarnpkg.com/standard-as-callback/-/standard-as-callback-2.1.0.tgz#8953fc05359868a77b5b9739a665c5977bb7df45"
  integrity sha512-qoRRSyROncaz1z0mvYqIE4lCd9p2R90i6GxW3uZv5ucSu8tU7B5HXUP1gG8pVZsYNVaXjk8ClXHPttLyxAL48A==

tr46@~0.0.3:
  version "0.0.3"
  resolved "https://registry.yarnpkg.com/tr46/-/tr46-0.0.3.tgz#8184fd347dac9cdc185992f3a6622e14b9d9ab6a"
  integrity sha1-gYT9NH2snNwYWZLzpmIuFLnZq2o=

tweetnacl@^1.0.1:
  version "1.0.3"
  resolved "https://registry.yarnpkg.com/tweetnacl/-/tweetnacl-1.0.3.tgz#ac0af71680458d8a6378d0d0d050ab1407d35596"
  integrity sha512-6rt+RN7aOi1nGMyC4Xa5DdYiukl2UWCbcJft7YhxReBGQD7OAM8Pbxw6YMo4r2diNEA8FEmu32YOn9rhaiE5yw==

typescript@^4.4.4:
  version "4.4.4"
  resolved "https://registry.yarnpkg.com/typescript/-/typescript-4.4.4.tgz#2cd01a1a1f160704d3101fd5a58ff0f9fcb8030c"
  integrity sha512-DqGhF5IKoBl8WNf8C1gu8q0xZSInh9j1kJJMqT3a94w1JzVaBU4EXOSMrz9yDqMT0xt3selp83fuFMQ0uzv6qA==

ulid@^2.3.0:
  version "2.3.0"
  resolved "https://registry.yarnpkg.com/ulid/-/ulid-2.3.0.tgz#93063522771a9774121a84d126ecd3eb9804071f"
  integrity sha512-keqHubrlpvT6G2wH0OEfSW4mquYRcbe/J8NMmveoQOjUqmo+hXtO+ORCpWhdbZ7k72UtY61BL7haGxW6enBnjw==

uuid-parse@^1.1.0:
  version "1.1.0"
  resolved "https://registry.yarnpkg.com/uuid-parse/-/uuid-parse-1.1.0.tgz#7061c5a1384ae0e1f943c538094597e1b5f3a65b"
  integrity sha512-OdmXxA8rDsQ7YpNVbKSJkNzTw2I+S5WsbMDnCtIWSQaosNAcWtFuI/YK1TjzUI6nbkgiqEyh8gWngfcv8Asd9A==

uuid@^3.3.2:
  version "3.4.0"
  resolved "https://registry.yarnpkg.com/uuid/-/uuid-3.4.0.tgz#b23e4358afa8a202fe7a100af1f5f883f02007ee"
  integrity sha512-HjSDRw6gZE5JMggctHBcjVak08+KEVhSIiDzFnT9S9aegmp85S/bReBVTb4QTFaRNptJ9kuYaNhnbNEOkbKb/A==

webidl-conversions@^3.0.0:
  version "3.0.1"
  resolved "https://registry.yarnpkg.com/webidl-conversions/-/webidl-conversions-3.0.1.tgz#24534275e2a7bc6be7bc86611cc16ae0a5654871"
  integrity sha1-JFNCdeKnvGvnvIZhHMFq4KVlSHE=

whatwg-fetch@^3.4.1:
  version "3.6.2"
  resolved "https://registry.yarnpkg.com/whatwg-fetch/-/whatwg-fetch-3.6.2.tgz#dced24f37f2624ed0281725d51d0e2e3fe677f8c"
  integrity sha512-bJlen0FcuU/0EMLrdbJ7zOnW6ITZLrZMIarMUVmdKtsGvZna8vxKYaexICWPfZ8qwf9fzNq+UEIZrnSaApt6RA==

whatwg-url@^5.0.0:
  version "5.0.0"
  resolved "https://registry.yarnpkg.com/whatwg-url/-/whatwg-url-5.0.0.tgz#966454e8765462e37644d3626f6742ce8b70965d"
  integrity sha1-lmRU6HZUYuN2RNNib2dCzotwll0=
  dependencies:
    tr46 "~0.0.3"
    webidl-conversions "^3.0.0"

xtend@~4.0.1:
  version "4.0.2"
  resolved "https://registry.yarnpkg.com/xtend/-/xtend-4.0.2.tgz#bb72779f5fa465186b1f438f674fa347fdb5db54"
  integrity sha512-LKYU1iAXJXUgAXn9URjiu+MWhyUXHsvfp7mcuYm9dSUKK0/CjtrUwFAxD82/mCWbtLsGjFIad0wIsod4zrTAEQ==
